
Microsoft Visual Studio Solution File, Format Version 12.00
# Visual Studio Version 16
VisualStudioVersion = 16.0.30413.136
MinimumVisualStudioVersion = 10.0.40219.1
Project("{8BC9CEB8-8B4A-11D0-8D11-00A0C91BC942}") = "Quadratic", "Quadratic.vcxproj", "{70648DED-992A-4684-B25D-5D9433A387CF}"
EndProject
Global
	GlobalSection(SolutionConfigurationPlatforms) = preSolution
		Debug|x64 = Debug|x64
		Debug|x86 = Debug|x86
		Release|x64 = Release|x64
		Release|x86 = Release|x86
	EndGlobalSection
	GlobalSection(ProjectConfigurationPlatforms) = postSolution
		{70648DED-992A-4684-B25D-5D9433A387CF}.Debug|x64.ActiveCfg = Debug|x64
		{70648DED-992A-4684-B25D-5D9433A387CF}.Debug|x64.Build.0 = Debug|x64
		{70648DED-992A-4684-B25D-5D9433A387CF}.Debug|x86.ActiveCfg = Debug|Win32
		{70648DED-992A-4684-B25D-5D9433A387CF}.Debug|x86.Build.0 = Debug|Win32
		{70648DED-992A-4684-B25D-5D9433A387CF}.Release|x64.ActiveCfg = Release|x64
		{70648DED-992A-4684-B25D-5D9433A387CF}.Release|x64.Build.0 = Release|x64
		{70648DED-992A-4684-B25D-5D9433A387CF}.Release|x86.ActiveCfg = Release|Win32
		{70648DED-992A-4684-B25D-5D9433A387CF}.Release|x86.Build.0 = Release|Win32
	EndGlobalSection
	GlobalSection(SolutionProperties) = preSolution
		HideSolutionNode = FALSE
	EndGlobalSection
	GlobalSection(ExtensibilityGlobals) = postSolution
		SolutionGuid = {7D444710-825A-433A-BF0F-A27E5F2C168F}
	EndGlobalSection
EndGlobal
